// !$*UTF8*$!
{
	archiveVersion = 1;
	classes = {
	};
	objectVersion = 56;
	objects = {

/* Begin PBXBuildFile section */
		1D03817C29452C5D00B3E139 /* SocketIO in Frameworks */ = {isa = PBXBuildFile; productRef = 1D03817B29452C5D00B3E139 /* SocketIO */; };
		1D0381892945527600B3E139 /* MainScreenViewModel.swift in Sources */ = {isa = PBXBuildFile; fileRef = 1D0381882945527600B3E139 /* MainScreenViewModel.swift */; };
		1D03818B29456DBB00B3E139 /* MapView.swift in Sources */ = {isa = PBXBuildFile; fileRef = 1D03818A29456DBB00B3E139 /* MapView.swift */; };
		1D03818D2945714A00B3E139 /* MedicalRView.swift in Sources */ = {isa = PBXBuildFile; fileRef = 1D03818C2945714A00B3E139 /* MedicalRView.swift */; };
		1D0381912945B57500B3E139 /* Service.swift in Sources */ = {isa = PBXBuildFile; fileRef = 1D0381902945B57500B3E139 /* Service.swift */; };
		1D17E54B293736E70075C230 /* MedCheckApp.swift in Sources */ = {isa = PBXBuildFile; fileRef = 1D17E54A293736E70075C230 /* MedCheckApp.swift */; };
		1D17E54F293736E80075C230 /* Assets.xcassets in Resources */ = {isa = PBXBuildFile; fileRef = 1D17E54E293736E80075C230 /* Assets.xcassets */; };
		1D17E552293736E80075C230 /* Preview Assets.xcassets in Resources */ = {isa = PBXBuildFile; fileRef = 1D17E551293736E80075C230 /* Preview Assets.xcassets */; };
		1D17E55F293737810075C230 /* ColorExtension.swift in Sources */ = {isa = PBXBuildFile; fileRef = 1D17E55E293737810075C230 /* ColorExtension.swift */; };
		1D17E561293738950075C230 /* SplashScreenView.swift in Sources */ = {isa = PBXBuildFile; fileRef = 1D17E560293738950075C230 /* SplashScreenView.swift */; };
		1D17E56529375DA00075C230 /* FirebaseAuth in Frameworks */ = {isa = PBXBuildFile; productRef = 1D17E56429375DA00075C230 /* FirebaseAuth */; };
		1D17E56829375DE80075C230 /* GoogleSignIn in Frameworks */ = {isa = PBXBuildFile; productRef = 1D17E56729375DE80075C230 /* GoogleSignIn */; };
		1D17E56A29375DE80075C230 /* GoogleSignInSwift in Frameworks */ = {isa = PBXBuildFile; productRef = 1D17E56929375DE80075C230 /* GoogleSignInSwift */; };
		1D17E56C29375E4F0075C230 /* GoogleService-Info.plist in Resources */ = {isa = PBXBuildFile; fileRef = 1D17E56B29375E4F0075C230 /* GoogleService-Info.plist */; };
		1D1CF1412944174C00F31544 /* MedicalRecordView.swift in Sources */ = {isa = PBXBuildFile; fileRef = 1D1CF1402944174C00F31544 /* MedicalRecordView.swift */; };
		1D1CF143294424CB00F31544 /* MedicalRecord.swift in Sources */ = {isa = PBXBuildFile; fileRef = 1D1CF142294424CB00F31544 /* MedicalRecord.swift */; };
		1D1CF145294435DE00F31544 /* NumbersOnly.swift in Sources */ = {isa = PBXBuildFile; fileRef = 1D1CF144294435DE00F31544 /* NumbersOnly.swift */; };
		1D1CF14729445C9F00F31544 /* StringExtension.swift in Sources */ = {isa = PBXBuildFile; fileRef = 1D1CF14629445C9F00F31544 /* StringExtension.swift */; };
		1D23D03D293801B900121B56 /* LabelledDivider.swift in Sources */ = {isa = PBXBuildFile; fileRef = 1D23D03C293801B900121B56 /* LabelledDivider.swift */; };
		1D23D03F293803C800121B56 /* LoginView.swift in Sources */ = {isa = PBXBuildFile; fileRef = 1D23D03E293803C800121B56 /* LoginView.swift */; };
		1D23D041293803D400121B56 /* RegisterView.swift in Sources */ = {isa = PBXBuildFile; fileRef = 1D23D040293803D400121B56 /* RegisterView.swift */; };
		1D6847972941C97500C1E646 /* ViewExtension.swift in Sources */ = {isa = PBXBuildFile; fileRef = 1D6847962941C97500C1E646 /* ViewExtension.swift */; };
		1D68479A2941DCE600C1E646 /* FirebaseFirestore in Frameworks */ = {isa = PBXBuildFile; productRef = 1D6847992941DCE600C1E646 /* FirebaseFirestore */; };
		1D68479C2941DCE600C1E646 /* FirebaseFirestoreSwift in Frameworks */ = {isa = PBXBuildFile; productRef = 1D68479B2941DCE600C1E646 /* FirebaseFirestoreSwift */; };
		1D68479E2941DCE600C1E646 /* FirebaseStorage in Frameworks */ = {isa = PBXBuildFile; productRef = 1D68479D2941DCE600C1E646 /* FirebaseStorage */; };
		1D6847A02941E01F00C1E646 /* User.swift in Sources */ = {isa = PBXBuildFile; fileRef = 1D68479F2941E01F00C1E646 /* User.swift */; };
		1D6847A22941F9FD00C1E646 /* LoadingView.swift in Sources */ = {isa = PBXBuildFile; fileRef = 1D6847A12941F9FD00C1E646 /* LoadingView.swift */; };
		1D8715812945D0F9005893E0 /* ProfileView.swift in Sources */ = {isa = PBXBuildFile; fileRef = 1D8715802945D0F9005893E0 /* ProfileView.swift */; };
		1DFD37C0293DF3800073230E /* SocialLoginButton.swift in Sources */ = {isa = PBXBuildFile; fileRef = 1DFD37BF293DF3800073230E /* SocialLoginButton.swift */; };
		1DFD37C9293E018E0073230E /* SignUpViewModel.swift in Sources */ = {isa = PBXBuildFile; fileRef = 1DFD37C8293E018E0073230E /* SignUpViewModel.swift */; };
		1DFD37CC293E02730073230E /* Application.swift in Sources */ = {isa = PBXBuildFile; fileRef = 1DFD37CB293E02730073230E /* Application.swift */; };
		1DFD37CE293E0EB80073230E /* MainScreenView.swift in Sources */ = {isa = PBXBuildFile; fileRef = 1DFD37CD293E0EB80073230E /* MainScreenView.swift */; };
/* End PBXBuildFile section */

/* Begin PBXFileReference section */
		1D0381882945527600B3E139 /* MainScreenViewModel.swift */ = {isa = PBXFileReference; lastKnownFileType = sourcecode.swift; path = MainScreenViewModel.swift; sourceTree = "<group>"; };
		1D03818A29456DBB00B3E139 /* MapView.swift */ = {isa = PBXFileReference; lastKnownFileType = sourcecode.swift; path = MapView.swift; sourceTree = "<group>"; };
		1D03818C2945714A00B3E139 /* MedicalRView.swift */ = {isa = PBXFileReference; lastKnownFileType = sourcecode.swift; path = MedicalRView.swift; sourceTree = "<group>"; };
		1D0381902945B57500B3E139 /* Service.swift */ = {isa = PBXFileReference; lastKnownFileType = sourcecode.swift; path = Service.swift; sourceTree = "<group>"; };
		1D17E547293736E70075C230 /* MedCheck.app */ = {isa = PBXFileReference; explicitFileType = wrapper.application; includeInIndex = 0; path = MedCheck.app; sourceTree = BUILT_PRODUCTS_DIR; };
		1D17E54A293736E70075C230 /* MedCheckApp.swift */ = {isa = PBXFileReference; lastKnownFileType = sourcecode.swift; path = MedCheckApp.swift; sourceTree = "<group>"; };
		1D17E54E293736E80075C230 /* Assets.xcassets */ = {isa = PBXFileReference; lastKnownFileType = folder.assetcatalog; path = Assets.xcassets; sourceTree = "<group>"; };
		1D17E551293736E80075C230 /* Preview Assets.xcassets */ = {isa = PBXFileReference; lastKnownFileType = folder.assetcatalog; path = "Preview Assets.xcassets"; sourceTree = "<group>"; };
		1D17E55E293737810075C230 /* ColorExtension.swift */ = {isa = PBXFileReference; lastKnownFileType = sourcecode.swift; path = ColorExtension.swift; sourceTree = "<group>"; };
		1D17E560293738950075C230 /* SplashScreenView.swift */ = {isa = PBXFileReference; lastKnownFileType = sourcecode.swift; path = SplashScreenView.swift; sourceTree = "<group>"; };
		1D17E56B29375E4F0075C230 /* GoogleService-Info.plist */ = {isa = PBXFileReference; fileEncoding = 4; lastKnownFileType = text.plist.xml; path = "GoogleService-Info.plist"; sourceTree = "<group>"; };
		1D17E56D29375F4D0075C230 /* Info.plist */ = {isa = PBXFileReference; lastKnownFileType = text.plist.xml; path = Info.plist; sourceTree = "<group>"; };
		1D1CF1402944174C00F31544 /* MedicalRecordView.swift */ = {isa = PBXFileReference; lastKnownFileType = sourcecode.swift; path = MedicalRecordView.swift; sourceTree = "<group>"; };
		1D1CF142294424CB00F31544 /* MedicalRecord.swift */ = {isa = PBXFileReference; lastKnownFileType = sourcecode.swift; path = MedicalRecord.swift; sourceTree = "<group>"; };
		1D1CF144294435DE00F31544 /* NumbersOnly.swift */ = {isa = PBXFileReference; lastKnownFileType = sourcecode.swift; path = NumbersOnly.swift; sourceTree = "<group>"; };
		1D1CF14629445C9F00F31544 /* StringExtension.swift */ = {isa = PBXFileReference; lastKnownFileType = sourcecode.swift; path = StringExtension.swift; sourceTree = "<group>"; };
		1D23D03C293801B900121B56 /* LabelledDivider.swift */ = {isa = PBXFileReference; lastKnownFileType = sourcecode.swift; path = LabelledDivider.swift; sourceTree = "<group>"; };
		1D23D03E293803C800121B56 /* LoginView.swift */ = {isa = PBXFileReference; lastKnownFileType = sourcecode.swift; path = LoginView.swift; sourceTree = "<group>"; };
		1D23D040293803D400121B56 /* RegisterView.swift */ = {isa = PBXFileReference; lastKnownFileType = sourcecode.swift; path = RegisterView.swift; sourceTree = "<group>"; };
		1D6847962941C97500C1E646 /* ViewExtension.swift */ = {isa = PBXFileReference; lastKnownFileType = sourcecode.swift; path = ViewExtension.swift; sourceTree = "<group>"; };
		1D68479F2941E01F00C1E646 /* User.swift */ = {isa = PBXFileReference; lastKnownFileType = sourcecode.swift; path = User.swift; sourceTree = "<group>"; };
		1D6847A12941F9FD00C1E646 /* LoadingView.swift */ = {isa = PBXFileReference; lastKnownFileType = sourcecode.swift; path = LoadingView.swift; sourceTree = "<group>"; };
		1D8715802945D0F9005893E0 /* ProfileView.swift */ = {isa = PBXFileReference; lastKnownFileType = sourcecode.swift; path = ProfileView.swift; sourceTree = "<group>"; };
		1DFD37BF293DF3800073230E /* SocialLoginButton.swift */ = {isa = PBXFileReference; lastKnownFileType = sourcecode.swift; path = SocialLoginButton.swift; sourceTree = "<group>"; };
		1DFD37C8293E018E0073230E /* SignUpViewModel.swift */ = {isa = PBXFileReference; lastKnownFileType = sourcecode.swift; path = SignUpViewModel.swift; sourceTree = "<group>"; };
		1DFD37CB293E02730073230E /* Application.swift */ = {isa = PBXFileReference; lastKnownFileType = sourcecode.swift; path = Application.swift; sourceTree = "<group>"; };
		1DFD37CD293E0EB80073230E /* MainScreenView.swift */ = {isa = PBXFileReference; lastKnownFileType = sourcecode.swift; path = MainScreenView.swift; sourceTree = "<group>"; };
/* End PBXFileReference section */

/* Begin PBXFrameworksBuildPhase section */
		1D17E544293736E70075C230 /* Frameworks */ = {
			isa = PBXFrameworksBuildPhase;
			buildActionMask = 2147483647;
			files = (
				1D68479C2941DCE600C1E646 /* FirebaseFirestoreSwift in Frameworks */,
				1D17E56A29375DE80075C230 /* GoogleSignInSwift in Frameworks */,
				1D03817C29452C5D00B3E139 /* SocketIO in Frameworks */,
				1D68479A2941DCE600C1E646 /* FirebaseFirestore in Frameworks */,
				1D17E56529375DA00075C230 /* FirebaseAuth in Frameworks */,
				1D17E56829375DE80075C230 /* GoogleSignIn in Frameworks */,
				1D68479E2941DCE600C1E646 /* FirebaseStorage in Frameworks */,
			);
			runOnlyForDeploymentPostprocessing = 0;
		};
/* End PBXFrameworksBuildPhase section */

/* Begin PBXGroup section */
		1D17E53E293736E70075C230 = {
			isa = PBXGroup;
			children = (
				1D17E549293736E70075C230 /* MedCheck */,
				1D17E548293736E70075C230 /* Products */,
				1D6847982941DCE600C1E646 /* Frameworks */,
			);
			sourceTree = "<group>";
		};
		1D17E548293736E70075C230 /* Products */ = {
			isa = PBXGroup;
			children = (
				1D17E547293736E70075C230 /* MedCheck.app */,
			);
			name = Products;
			sourceTree = "<group>";
		};
		1D17E549293736E70075C230 /* MedCheck */ = {
			isa = PBXGroup;
			children = (
				1D17E54A293736E70075C230 /* MedCheckApp.swift */,
				1DFD37CA293E025C0073230E /* Utilities */,
				1DFD37C7293E01720073230E /* ViewModels */,
				1D17E55D2937375A0075C230 /* Extensions */,
				1D17E55B293737420075C230 /* Views */,
				1D17E55A2937373A0075C230 /* Models */,
				1D17E559293737340075C230 /* Services */,
				1D17E5582937372D0075C230 /* Logic */,
				1D17E54E293736E80075C230 /* Assets.xcassets */,
				1D17E56B29375E4F0075C230 /* GoogleService-Info.plist */,
				1D17E56D29375F4D0075C230 /* Info.plist */,
				1D17E550293736E80075C230 /* Preview Content */,
			);
			path = MedCheck;
			sourceTree = "<group>";
		};
		1D17E550293736E80075C230 /* Preview Content */ = {
			isa = PBXGroup;
			children = (
				1D17E551293736E80075C230 /* Preview Assets.xcassets */,
			);
			path = "Preview Content";
			sourceTree = "<group>";
		};
		1D17E5582937372D0075C230 /* Logic */ = {
			isa = PBXGroup;
			children = (
				1D1CF144294435DE00F31544 /* NumbersOnly.swift */,
				1D0381902945B57500B3E139 /* Service.swift */,
			);
			path = Logic;
			sourceTree = "<group>";
		};
		1D17E559293737340075C230 /* Services */ = {
			isa = PBXGroup;
			children = (
			);
			path = Services;
			sourceTree = "<group>";
		};
		1D17E55A2937373A0075C230 /* Models */ = {
			isa = PBXGroup;
			children = (
				1D68479F2941E01F00C1E646 /* User.swift */,
				1D1CF142294424CB00F31544 /* MedicalRecord.swift */,
			);
			path = Models;
			sourceTree = "<group>";
		};
		1D17E55B293737420075C230 /* Views */ = {
			isa = PBXGroup;
			children = (
				1D23D040293803D400121B56 /* RegisterView.swift */,
				1D23D03E293803C800121B56 /* LoginView.swift */,
				1D6847A12941F9FD00C1E646 /* LoadingView.swift */,
				1D17E560293738950075C230 /* SplashScreenView.swift */,
				1DFD37CD293E0EB80073230E /* MainScreenView.swift */,
				1D1CF1402944174C00F31544 /* MedicalRecordView.swift */,
				1D03818C2945714A00B3E139 /* MedicalRView.swift */,
				1D03818A29456DBB00B3E139 /* MapView.swift */,
				1D8715802945D0F9005893E0 /* ProfileView.swift */,
				1D17E55C2937374E0075C230 /* Elements */,
			);
			path = Views;
			sourceTree = "<group>";
		};
		1D17E55C2937374E0075C230 /* Elements */ = {
			isa = PBXGroup;
			children = (
				1DFD37C4293DF84F0073230E /* LoginViewElements */,
				1D23D03C293801B900121B56 /* LabelledDivider.swift */,
				1DFD37BF293DF3800073230E /* SocialLoginButton.swift */,
			);
			path = Elements;
			sourceTree = "<group>";
		};
		1D17E55D2937375A0075C230 /* Extensions */ = {
			isa = PBXGroup;
			children = (
				1D17E55E293737810075C230 /* ColorExtension.swift */,
				1D6847962941C97500C1E646 /* ViewExtension.swift */,
				1D1CF14629445C9F00F31544 /* StringExtension.swift */,
			);
			path = Extensions;
			sourceTree = "<group>";
		};
		1D6847982941DCE600C1E646 /* Frameworks */ = {
			isa = PBXGroup;
			children = (
			);
			name = Frameworks;
			sourceTree = "<group>";
		};
		1DFD37C4293DF84F0073230E /* LoginViewElements */ = {
			isa = PBXGroup;
			children = (
			);
			path = LoginViewElements;
			sourceTree = "<group>";
		};
		1DFD37C7293E01720073230E /* ViewModels */ = {
			isa = PBXGroup;
			children = (
				1DFD37C8293E018E0073230E /* SignUpViewModel.swift */,
				1D0381882945527600B3E139 /* MainScreenViewModel.swift */,
			);
			path = ViewModels;
			sourceTree = "<group>";
		};
		1DFD37CA293E025C0073230E /* Utilities */ = {
			isa = PBXGroup;
			children = (
				1DFD37CB293E02730073230E /* Application.swift */,
			);
			path = Utilities;
			sourceTree = "<group>";
		};
/* End PBXGroup section */

/* Begin PBXNativeTarget section */
		1D17E546293736E70075C230 /* MedCheck */ = {
			isa = PBXNativeTarget;
			buildConfigurationList = 1D17E555293736E80075C230 /* Build configuration list for PBXNativeTarget "MedCheck" */;
			buildPhases = (
				1D17E543293736E70075C230 /* Sources */,
				1D17E544293736E70075C230 /* Frameworks */,
				1D17E545293736E70075C230 /* Resources */,
			);
			buildRules = (
			);
			dependencies = (
			);
			name = MedCheck;
			packageProductDependencies = (
				1D17E56429375DA00075C230 /* FirebaseAuth */,
				1D17E56729375DE80075C230 /* GoogleSignIn */,
				1D17E56929375DE80075C230 /* GoogleSignInSwift */,
				1D6847992941DCE600C1E646 /* FirebaseFirestore */,
				1D68479B2941DCE600C1E646 /* FirebaseFirestoreSwift */,
				1D68479D2941DCE600C1E646 /* FirebaseStorage */,
				1D03817B29452C5D00B3E139 /* SocketIO */,
			);
			productName = MedCheck;
			productReference = 1D17E547293736E70075C230 /* MedCheck.app */;
			productType = "com.apple.product-type.application";
		};
/* End PBXNativeTarget section */

/* Begin PBXProject section */
		1D17E53F293736E70075C230 /* Project object */ = {
			isa = PBXProject;
			attributes = {
				BuildIndependentTargetsInParallel = 1;
				LastSwiftUpdateCheck = 1410;
				LastUpgradeCheck = 1410;
				TargetAttributes = {
					1D17E546293736E70075C230 = {
						CreatedOnToolsVersion = 14.1;
					};
				};
			};
			buildConfigurationList = 1D17E542293736E70075C230 /* Build configuration list for PBXProject "MedCheck" */;
			compatibilityVersion = "Xcode 14.0";
			developmentRegion = en;
			hasScannedForEncodings = 0;
			knownRegions = (
				en,
				Base,
			);
			mainGroup = 1D17E53E293736E70075C230;
			packageReferences = (
				1D17E56329375DA00075C230 /* XCRemoteSwiftPackageReference "firebase-ios-sdk" */,
				1D17E56629375DE80075C230 /* XCRemoteSwiftPackageReference "GoogleSignIn-iOS" */,
				1D03817A29452C5C00B3E139 /* XCRemoteSwiftPackageReference "socket" */,
			);
			productRefGroup = 1D17E548293736E70075C230 /* Products */;
			projectDirPath = "";
			projectRoot = "";
			targets = (
				1D17E546293736E70075C230 /* MedCheck */,
			);
		};
/* End PBXProject section */

/* Begin PBXResourcesBuildPhase section */
		1D17E545293736E70075C230 /* Resources */ = {
			isa = PBXResourcesBuildPhase;
			buildActionMask = 2147483647;
			files = (
				1D17E552293736E80075C230 /* Preview Assets.xcassets in Resources */,
				1D17E54F293736E80075C230 /* Assets.xcassets in Resources */,
				1D17E56C29375E4F0075C230 /* GoogleService-Info.plist in Resources */,
			);
			runOnlyForDeploymentPostprocessing = 0;
		};
/* End PBXResourcesBuildPhase section */

/* Begin PBXSourcesBuildPhase section */
		1D17E543293736E70075C230 /* Sources */ = {
			isa = PBXSourcesBuildPhase;
			buildActionMask = 2147483647;
			files = (
				1D6847A02941E01F00C1E646 /* User.swift in Sources */,
				1D0381892945527600B3E139 /* MainScreenViewModel.swift in Sources */,
				1D23D041293803D400121B56 /* RegisterView.swift in Sources */,
				1D23D03D293801B900121B56 /* LabelledDivider.swift in Sources */,
				1D1CF1412944174C00F31544 /* MedicalRecordView.swift in Sources */,
				1DFD37CC293E02730073230E /* Application.swift in Sources */,
				1D03818D2945714A00B3E139 /* MedicalRView.swift in Sources */,
				1D03818B29456DBB00B3E139 /* MapView.swift in Sources */,
				1DFD37C0293DF3800073230E /* SocialLoginButton.swift in Sources */,
				1D6847A22941F9FD00C1E646 /* LoadingView.swift in Sources */,
				1D1CF145294435DE00F31544 /* NumbersOnly.swift in Sources */,
				1D1CF14729445C9F00F31544 /* StringExtension.swift in Sources */,
				1D17E55F293737810075C230 /* ColorExtension.swift in Sources */,
				1DFD37CE293E0EB80073230E /* MainScreenView.swift in Sources */,
				1D23D03F293803C800121B56 /* LoginView.swift in Sources */,
				1D17E54B293736E70075C230 /* MedCheckApp.swift in Sources */,
				1D1CF143294424CB00F31544 /* MedicalRecord.swift in Sources */,
				1DFD37C9293E018E0073230E /* SignUpViewModel.swift in Sources */,
				1D0381912945B57500B3E139 /* Service.swift in Sources */,
				1D17E561293738950075C230 /* SplashScreenView.swift in Sources */,
				1D8715812945D0F9005893E0 /* ProfileView.swift in Sources */,
				1D6847972941C97500C1E646 /* ViewExtension.swift in Sources */,
			);
			runOnlyForDeploymentPostprocessing = 0;
		};
/* End PBXSourcesBuildPhase section */

/* Begin XCBuildConfiguration section */
		1D17E553293736E80075C230 /* Debug */ = {
			isa = XCBuildConfiguration;
			buildSettings = {
				ALWAYS_SEARCH_USER_PATHS = NO;
				CLANG_ANALYZER_NONNULL = YES;
				CLANG_ANALYZER_NUMBER_OBJECT_CONVERSION = YES_AGGRESSIVE;
				CLANG_CXX_LANGUAGE_STANDARD = "gnu++20";
				CLANG_ENABLE_MODULES = YES;
				CLANG_ENABLE_OBJC_ARC = YES;
				CLANG_ENABLE_OBJC_WEAK = YES;
				CLANG_WARN_BLOCK_CAPTURE_AUTORELEASING = YES;
				CLANG_WARN_BOOL_CONVERSION = YES;
				CLANG_WARN_COMMA = YES;
				CLANG_WARN_CONSTANT_CONVERSION = YES;
				CLANG_WARN_DEPRECATED_OBJC_IMPLEMENTATIONS = YES;
				CLANG_WARN_DIRECT_OBJC_ISA_USAGE = YES_ERROR;
				CLANG_WARN_DOCUMENTATION_COMMENTS = YES;
				CLANG_WARN_EMPTY_BODY = YES;
				CLANG_WARN_ENUM_CONVERSION = YES;
				CLANG_WARN_INFINITE_RECURSION = YES;
				CLANG_WARN_INT_CONVERSION = YES;
				CLANG_WARN_NON_LITERAL_NULL_CONVERSION = YES;
				CLANG_WARN_OBJC_IMPLICIT_RETAIN_SELF = YES;
				CLANG_WARN_OBJC_LITERAL_CONVERSION = YES;
				CLANG_WARN_OBJC_ROOT_CLASS = YES_ERROR;
				CLANG_WARN_QUOTED_INCLUDE_IN_FRAMEWORK_HEADER = YES;
				CLANG_WARN_RANGE_LOOP_ANALYSIS = YES;
				CLANG_WARN_STRICT_PROTOTYPES = YES;
				CLANG_WARN_SUSPICIOUS_MOVE = YES;
				CLANG_WARN_UNGUARDED_AVAILABILITY = YES_AGGRESSIVE;
				CLANG_WARN_UNREACHABLE_CODE = YES;
				CLANG_WARN__DUPLICATE_METHOD_MATCH = YES;
				COPY_PHASE_STRIP = NO;
				DEBUG_INFORMATION_FORMAT = dwarf;
				ENABLE_STRICT_OBJC_MSGSEND = YES;
				ENABLE_TESTABILITY = YES;
				GCC_C_LANGUAGE_STANDARD = gnu11;
				GCC_DYNAMIC_NO_PIC = NO;
				GCC_NO_COMMON_BLOCKS = YES;
				GCC_OPTIMIZATION_LEVEL = 0;
				GCC_PREPROCESSOR_DEFINITIONS = (
					"DEBUG=1",
					"$(inherited)",
				);
				GCC_WARN_64_TO_32_BIT_CONVERSION = YES;
				GCC_WARN_ABOUT_RETURN_TYPE = YES_ERROR;
				GCC_WARN_UNDECLARED_SELECTOR = YES;
				GCC_WARN_UNINITIALIZED_AUTOS = YES_AGGRESSIVE;
				GCC_WARN_UNUSED_FUNCTION = YES;
				GCC_WARN_UNUSED_VARIABLE = YES;
				IPHONEOS_DEPLOYMENT_TARGET = 16.1;
				MTL_ENABLE_DEBUG_INFO = INCLUDE_SOURCE;
				MTL_FAST_MATH = YES;
				ONLY_ACTIVE_ARCH = YES;
				SDKROOT = iphoneos;
				SWIFT_ACTIVE_COMPILATION_CONDITIONS = DEBUG;
				SWIFT_OPTIMIZATION_LEVEL = "-Onone";
			};
			name = Debug;
		};
		1D17E554293736E80075C230 /* Release */ = {
			isa = XCBuildConfiguration;
			buildSettings = {
				ALWAYS_SEARCH_USER_PATHS = NO;
				CLANG_ANALYZER_NONNULL = YES;
				CLANG_ANALYZER_NUMBER_OBJECT_CONVERSION = YES_AGGRESSIVE;
				CLANG_CXX_LANGUAGE_STANDARD = "gnu++20";
				CLANG_ENABLE_MODULES = YES;
				CLANG_ENABLE_OBJC_ARC = YES;
				CLANG_ENABLE_OBJC_WEAK = YES;
				CLANG_WARN_BLOCK_CAPTURE_AUTORELEASING = YES;
				CLANG_WARN_BOOL_CONVERSION = YES;
				CLANG_WARN_COMMA = YES;
				CLANG_WARN_CONSTANT_CONVERSION = YES;
				CLANG_WARN_DEPRECATED_OBJC_IMPLEMENTATIONS = YES;
				CLANG_WARN_DIRECT_OBJC_ISA_USAGE = YES_ERROR;
				CLANG_WARN_DOCUMENTATION_COMMENTS = YES;
				CLANG_WARN_EMPTY_BODY = YES;
				CLANG_WARN_ENUM_CONVERSION = YES;
				CLANG_WARN_INFINITE_RECURSION = YES;
				CLANG_WARN_INT_CONVERSION = YES;
				CLANG_WARN_NON_LITERAL_NULL_CONVERSION = YES;
				CLANG_WARN_OBJC_IMPLICIT_RETAIN_SELF = YES;
				CLANG_WARN_OBJC_LITERAL_CONVERSION = YES;
				CLANG_WARN_OBJC_ROOT_CLASS = YES_ERROR;
				CLANG_WARN_QUOTED_INCLUDE_IN_FRAMEWORK_HEADER = YES;
				CLANG_WARN_RANGE_LOOP_ANALYSIS = YES;
				CLANG_WARN_STRICT_PROTOTYPES = YES;
				CLANG_WARN_SUSPICIOUS_MOVE = YES;
				CLANG_WARN_UNGUARDED_AVAILABILITY = YES_AGGRESSIVE;
				CLANG_WARN_UNREACHABLE_CODE = YES;
				CLANG_WARN__DUPLICATE_METHOD_MATCH = YES;
				COPY_PHASE_STRIP = NO;
				DEBUG_INFORMATION_FORMAT = "dwarf-with-dsym";
				ENABLE_NS_ASSERTIONS = NO;
				ENABLE_STRICT_OBJC_MSGSEND = YES;
				GCC_C_LANGUAGE_STANDARD = gnu11;
				GCC_NO_COMMON_BLOCKS = YES;
				GCC_WARN_64_TO_32_BIT_CONVERSION = YES;
				GCC_WARN_ABOUT_RETURN_TYPE = YES_ERROR;
				GCC_WARN_UNDECLARED_SELECTOR = YES;
				GCC_WARN_UNINITIALIZED_AUTOS = YES_AGGRESSIVE;
				GCC_WARN_UNUSED_FUNCTION = YES;
				GCC_WARN_UNUSED_VARIABLE = YES;
				IPHONEOS_DEPLOYMENT_TARGET = 16.1;
				MTL_ENABLE_DEBUG_INFO = NO;
				MTL_FAST_MATH = YES;
				SDKROOT = iphoneos;
				SWIFT_COMPILATION_MODE = wholemodule;
				SWIFT_OPTIMIZATION_LEVEL = "-O";
				VALIDATE_PRODUCT = YES;
			};
			name = Release;
		};
		1D17E556293736E80075C230 /* Debug */ = {
			isa = XCBuildConfiguration;
			buildSettings = {
				ASSETCATALOG_COMPILER_APPICON_NAME = AppIcon;
				ASSETCATALOG_COMPILER_GLOBAL_ACCENT_COLOR_NAME = AccentColor;
				CODE_SIGN_STYLE = Automatic;
				CURRENT_PROJECT_VERSION = 1;
				DEVELOPMENT_ASSET_PATHS = "\"MedCheck/Preview Content\"";
				DEVELOPMENT_TEAM = ZHLD96SP29;
				ENABLE_PREVIEWS = YES;
				GENERATE_INFOPLIST_FILE = YES;
				INFOPLIST_FILE = MedCheck/Info.plist;
				INFOPLIST_KEY_UIApplicationSceneManifest_Generation = YES;
				INFOPLIST_KEY_UIApplicationSupportsIndirectInputEvents = YES;
				INFOPLIST_KEY_UILaunchScreen_Generation = YES;
				INFOPLIST_KEY_UISupportedInterfaceOrientations_iPad = "UIInterfaceOrientationPortrait UIInterfaceOrientationPortraitUpsideDown UIInterfaceOrientationLandscapeLeft UIInterfaceOrientationLandscapeRight";
				INFOPLIST_KEY_UISupportedInterfaceOrientations_iPhone = "UIInterfaceOrientationPortrait UIInterfaceOrientationLandscapeLeft UIInterfaceOrientationLandscapeRight";
				LD_RUNPATH_SEARCH_PATHS = (
					"$(inherited)",
					"@executable_path/Frameworks",
				);
				MARKETING_VERSION = 1.0;
				PRODUCT_BUNDLE_IDENTIFIER = IvanLB.MedCheck;
				PRODUCT_NAME = "$(TARGET_NAME)";
				SWIFT_EMIT_LOC_STRINGS = YES;
				SWIFT_VERSION = 5.0;
				TARGETED_DEVICE_FAMILY = "1,2";
			};
			name = Debug;
		};
		1D17E557293736E80075C230 /* Release */ = {
			isa = XCBuildConfiguration;
			buildSettings = {
				ASSETCATALOG_COMPILER_APPICON_NAME = AppIcon;
				ASSETCATALOG_COMPILER_GLOBAL_ACCENT_COLOR_NAME = AccentColor;
				CODE_SIGN_STYLE = Automatic;
				CURRENT_PROJECT_VERSION = 1;
				DEVELOPMENT_ASSET_PATHS = "\"MedCheck/Preview Content\"";
				DEVELOPMENT_TEAM = ZHLD96SP29;
				ENABLE_PREVIEWS = YES;
				GENERATE_INFOPLIST_FILE = YES;
				INFOPLIST_FILE = MedCheck/Info.plist;
				INFOPLIST_KEY_UIApplicationSceneManifest_Generation = YES;
				INFOPLIST_KEY_UIApplicationSupportsIndirectInputEvents = YES;
				INFOPLIST_KEY_UILaunchScreen_Generation = YES;
				INFOPLIST_KEY_UISupportedInterfaceOrientations_iPad = "UIInterfaceOrientationPortrait UIInterfaceOrientationPortraitUpsideDown UIInterfaceOrientationLandscapeLeft UIInterfaceOrientationLandscapeRight";
				INFOPLIST_KEY_UISupportedInterfaceOrientations_iPhone = "UIInterfaceOrientationPortrait UIInterfaceOrientationLandscapeLeft UIInterfaceOrientationLandscapeRight";
				LD_RUNPATH_SEARCH_PATHS = (
					"$(inherited)",
					"@executable_path/Frameworks",
				);
				MARKETING_VERSION = 1.0;
				PRODUCT_BUNDLE_IDENTIFIER = IvanLB.MedCheck;
				PRODUCT_NAME = "$(TARGET_NAME)";
				SWIFT_EMIT_LOC_STRINGS = YES;
				SWIFT_VERSION = 5.0;
				TARGETED_DEVICE_FAMILY = "1,2";
			};
			name = Release;
		};
/* End XCBuildConfiguration section */

/* Begin XCConfigurationList section */
		1D17E542293736E70075C230 /* Build configuration list for PBXProject "MedCheck" */ = {
			isa = XCConfigurationList;
			buildConfigurations = (
				1D17E553293736E80075C230 /* Debug */,
				1D17E554293736E80075C230 /* Release */,
			);
			defaultConfigurationIsVisible = 0;
			defaultConfigurationName = Release;
		};
		1D17E555293736E80075C230 /* Build configuration list for PBXNativeTarget "MedCheck" */ = {
			isa = XCConfigurationList;
			buildConfigurations = (
				1D17E556293736E80075C230 /* Debug */,
				1D17E557293736E80075C230 /* Release */,
			);
			defaultConfigurationIsVisible = 0;
			defaultConfigurationName = Release;
		};
/* End XCConfigurationList section */

/* Begin XCRemoteSwiftPackageReference section */
		1D03817A29452C5C00B3E139 /* XCRemoteSwiftPackageReference "socket" */ = {
			isa = XCRemoteSwiftPackageReference;
			repositoryURL = "https://github.com/socketio/socket.io-client-swift";
			requirement = {
				branch = master;
				kind = branch;
			};
		};
		1D17E56329375DA00075C230 /* XCRemoteSwiftPackageReference "firebase-ios-sdk" */ = {
			isa = XCRemoteSwiftPackageReference;
			repositoryURL = "https://github.com/firebase/firebase-ios-sdk";
			requirement = {
				kind = upToNextMajorVersion;
				minimumVersion = 9.0.0;
			};
		};
		1D17E56629375DE80075C230 /* XCRemoteSwiftPackageReference "GoogleSignIn-iOS" */ = {
			isa = XCRemoteSwiftPackageReference;
			repositoryURL = "https://github.com/google/GoogleSignIn-iOS";
			requirement = {
				kind = upToNextMajorVersion;
				minimumVersion = 6.0.0;
			};
		};
/* End XCRemoteSwiftPackageReference section */

/* Begin XCSwiftPackageProductDependency section */
		1D03817B29452C5D00B3E139 /* SocketIO */ = {
			isa = XCSwiftPackageProductDependency;
			package = 1D03817A29452C5C00B3E139 /* XCRemoteSwiftPackageReference "socket" */;
			productName = SocketIO;
		};
		1D17E56429375DA00075C230 /* FirebaseAuth */ = {
			isa = XCSwiftPackageProductDependency;
			package = 1D17E56329375DA00075C230 /* XCRemoteSwiftPackageReference "firebase-ios-sdk" */;
			productName = FirebaseAuth;
		};
		1D17E56729375DE80075C230 /* GoogleSignIn */ = {
			isa = XCSwiftPackageProductDependency;
			package = 1D17E56629375DE80075C230 /* XCRemoteSwiftPackageReference "GoogleSignIn-iOS" */;
			productName = GoogleSignIn;
		};
		1D17E56929375DE80075C230 /* GoogleSignInSwift */ = {
			isa = XCSwiftPackageProductDependency;
			package = 1D17E56629375DE80075C230 /* XCRemoteSwiftPackageReference "GoogleSignIn-iOS" */;
			productName = GoogleSignInSwift;
		};
		1D6847992941DCE600C1E646 /* FirebaseFirestore */ = {
			isa = XCSwiftPackageProductDependency;
			package = 1D17E56329375DA00075C230 /* XCRemoteSwiftPackageReference "firebase-ios-sdk" */;
			productName = FirebaseFirestore;
		};
		1D68479B2941DCE600C1E646 /* FirebaseFirestoreSwift */ = {
			isa = XCSwiftPackageProductDependency;
			package = 1D17E56329375DA00075C230 /* XCRemoteSwiftPackageReference "firebase-ios-sdk" */;
			productName = FirebaseFirestoreSwift;
		};
		1D68479D2941DCE600C1E646 /* FirebaseStorage */ = {
			isa = XCSwiftPackageProductDependency;
			package = 1D17E56329375DA00075C230 /* XCRemoteSwiftPackageReference "firebase-ios-sdk" */;
			productName = FirebaseStorage;
		};
/* End XCSwiftPackageProductDependency section */
	};
	rootObject = 1D17E53F293736E70075C230 /* Project object */;
}
